
Microsoft Visual Studio Solution File, Format Version 12.00
# Visual Studio Version 16
VisualStudioVersion = 16.0.30804.86
MinimumVisualStudioVersion = 10.0.40219.1
Project("{FAE04EC0-301F-11D3-BF4B-00C04F79EFBC}") = "FreakyFashionServices.Catalog", "FreakyFashionServices.Catalog\FreakyFashionServices.Catalog.csproj", "{09A583F9-D9FB-4C57-88A9-E3148E7EC8CC}"
EndProject
Global
	GlobalSection(SolutionConfigurationPlatforms) = preSolution
		Debug|Any CPU = Debug|Any CPU
		Release|Any CPU = Release|Any CPU
	EndGlobalSection
	GlobalSection(ProjectConfigurationPlatforms) = postSolution
		{09A583F9-D9FB-4C57-88A9-E3148E7EC8CC}.Debug|Any CPU.ActiveCfg = Debug|Any CPU
		{09A583F9-D9FB-4C57-88A9-E3148E7EC8CC}.Debug|Any CPU.Build.0 = Debug|Any CPU
		{09A583F9-D9FB-4C57-88A9-E3148E7EC8CC}.Release|Any CPU.ActiveCfg = Release|Any CPU
		{09A583F9-D9FB-4C57-88A9-E3148E7EC8CC}.Release|Any CPU.Build.0 = Release|Any CPU
	EndGlobalSection
	GlobalSection(SolutionProperties) = preSolution
		HideSolutionNode = FALSE
	EndGlobalSection
	GlobalSection(ExtensibilityGlobals) = postSolution
		SolutionGuid = {46F5DC6D-09CE-4298-B2E3-3DCE627B3C4D}
	EndGlobalSection
EndGlobal
